// !$*UTF8*$!
{
	archiveVersion = 1;
	classes = {
	};
	objectVersion = 50;
	objects = {

/* Begin PBXBuildFile section */
		5EF33F5622E9BC94005DC9D7 /* noteEditorVC.swift in Sources */ = {isa = PBXBuildFile; fileRef = 5EF33F5522E9BC94005DC9D7 /* noteEditorVC.swift */; };
		5EF4876622D35207004BE320 /* AppDelegate.swift in Sources */ = {isa = PBXBuildFile; fileRef = 5EF4876522D35207004BE320 /* AppDelegate.swift */; };
		5EF4876822D35207004BE320 /* ViewController.swift in Sources */ = {isa = PBXBuildFile; fileRef = 5EF4876722D35207004BE320 /* ViewController.swift */; };
		5EF4876B22D35207004BE320 /* Main.storyboard in Resources */ = {isa = PBXBuildFile; fileRef = 5EF4876922D35207004BE320 /* Main.storyboard */; };
		5EF4876E22D35207004BE320 /* brain_Dump.xcdatamodeld in Sources */ = {isa = PBXBuildFile; fileRef = 5EF4876C22D35207004BE320 /* brain_Dump.xcdatamodeld */; };
		5EF4877022D3520C004BE320 /* Assets.xcassets in Resources */ = {isa = PBXBuildFile; fileRef = 5EF4876F22D3520C004BE320 /* Assets.xcassets */; };
		5EF4877322D3520C004BE320 /* LaunchScreen.storyboard in Resources */ = {isa = PBXBuildFile; fileRef = 5EF4877122D3520C004BE320 /* LaunchScreen.storyboard */; };
		5EF4877C22D3800F004BE320 /* Note+CoreDataClass.swift in Sources */ = {isa = PBXBuildFile; fileRef = 5EF4877A22D3800F004BE320 /* Note+CoreDataClass.swift */; };
		5EF4877D22D3800F004BE320 /* Note+CoreDataProperties.swift in Sources */ = {isa = PBXBuildFile; fileRef = 5EF4877B22D3800F004BE320 /* Note+CoreDataProperties.swift */; };
		5EFE665522F431FF00F85B46 /* NoteCell.swift in Sources */ = {isa = PBXBuildFile; fileRef = 5EFE665422F431FF00F85B46 /* NoteCell.swift */; };
		5EFFABE82302C94B00F4DEAB /* Category+CoreDataClass.swift in Sources */ = {isa = PBXBuildFile; fileRef = 5EFFABE62302C94B00F4DEAB /* Category+CoreDataClass.swift */; };
		5EFFABE92302C94B00F4DEAB /* Category+CoreDataProperties.swift in Sources */ = {isa = PBXBuildFile; fileRef = 5EFFABE72302C94B00F4DEAB /* Category+CoreDataProperties.swift */; };
/* End PBXBuildFile section */

/* Begin PBXFileReference section */
		5E092BF024A5B54F00BDF490 /* brain_Dump v 3.xcdatamodel */ = {isa = PBXFileReference; lastKnownFileType = wrapper.xcdatamodel; path = "brain_Dump v 3.xcdatamodel"; sourceTree = "<group>"; };
		5EF33F5522E9BC94005DC9D7 /* noteEditorVC.swift */ = {isa = PBXFileReference; lastKnownFileType = sourcecode.swift; path = noteEditorVC.swift; sourceTree = "<group>"; };
		5EF4876222D35207004BE320 /* brain Dump.app */ = {isa = PBXFileReference; explicitFileType = wrapper.application; includeInIndex = 0; path = "brain Dump.app"; sourceTree = BUILT_PRODUCTS_DIR; };
		5EF4876522D35207004BE320 /* AppDelegate.swift */ = {isa = PBXFileReference; lastKnownFileType = sourcecode.swift; path = AppDelegate.swift; sourceTree = "<group>"; };
		5EF4876722D35207004BE320 /* ViewController.swift */ = {isa = PBXFileReference; lastKnownFileType = sourcecode.swift; path = ViewController.swift; sourceTree = "<group>"; };
		5EF4876A22D35207004BE320 /* Base */ = {isa = PBXFileReference; lastKnownFileType = file.storyboard; name = Base; path = Base.lproj/Main.storyboard; sourceTree = "<group>"; };
		5EF4876D22D35207004BE320 /* brain_Dump.xcdatamodel */ = {isa = PBXFileReference; lastKnownFileType = wrapper.xcdatamodel; path = brain_Dump.xcdatamodel; sourceTree = "<group>"; };
		5EF4876F22D3520C004BE320 /* Assets.xcassets */ = {isa = PBXFileReference; lastKnownFileType = folder.assetcatalog; path = Assets.xcassets; sourceTree = "<group>"; };
		5EF4877222D3520C004BE320 /* Base */ = {isa = PBXFileReference; lastKnownFileType = file.storyboard; name = Base; path = Base.lproj/LaunchScreen.storyboard; sourceTree = "<group>"; };
		5EF4877422D3520C004BE320 /* Info.plist */ = {isa = PBXFileReference; lastKnownFileType = text.plist.xml; path = Info.plist; sourceTree = "<group>"; };
		5EF4877A22D3800F004BE320 /* Note+CoreDataClass.swift */ = {isa = PBXFileReference; lastKnownFileType = sourcecode.swift; path = "Note+CoreDataClass.swift"; sourceTree = "<group>"; };
		5EF4877B22D3800F004BE320 /* Note+CoreDataProperties.swift */ = {isa = PBXFileReference; lastKnownFileType = sourcecode.swift; path = "Note+CoreDataProperties.swift"; sourceTree = "<group>"; };
		5EFE665422F431FF00F85B46 /* NoteCell.swift */ = {isa = PBXFileReference; lastKnownFileType = sourcecode.swift; path = NoteCell.swift; sourceTree = "<group>"; };
		5EFFABE52302C81300F4DEAB /* brain_Dump v2.xcdatamodel */ = {isa = PBXFileReference; lastKnownFileType = wrapper.xcdatamodel; path = "brain_Dump v2.xcdatamodel"; sourceTree = "<group>"; };
		5EFFABE62302C94B00F4DEAB /* Category+CoreDataClass.swift */ = {isa = PBXFileReference; lastKnownFileType = sourcecode.swift; path = "Category+CoreDataClass.swift"; sourceTree = "<group>"; };
		5EFFABE72302C94B00F4DEAB /* Category+CoreDataProperties.swift */ = {isa = PBXFileReference; lastKnownFileType = sourcecode.swift; path = "Category+CoreDataProperties.swift"; sourceTree = "<group>"; };
/* End PBXFileReference section */

/* Begin PBXFrameworksBuildPhase section */
		5EF4875F22D35207004BE320 /* Frameworks */ = {
			isa = PBXFrameworksBuildPhase;
			buildActionMask = 2147483647;
			files = (
			);
			runOnlyForDeploymentPostprocessing = 0;
		};
/* End PBXFrameworksBuildPhase section */

/* Begin PBXGroup section */
		5EF4875922D35207004BE320 = {
			isa = PBXGroup;
			children = (
				5EF4876422D35207004BE320 /* brain Dump */,
				5EF4876322D35207004BE320 /* Products */,
			);
			sourceTree = "<group>";
		};
		5EF4876322D35207004BE320 /* Products */ = {
			isa = PBXGroup;
			children = (
				5EF4876222D35207004BE320 /* brain Dump.app */,
			);
			name = Products;
			sourceTree = "<group>";
		};
		5EF4876422D35207004BE320 /* brain Dump */ = {
			isa = PBXGroup;
			children = (
				5EF7257B244EB3E30050365C /* model */,
				5EF7257A244EB3D70050365C /* view */,
				5EF72579244EB3CC0050365C /* controller */,
				5EF72578244EB3BE0050365C /* services */,
				5EF4876C22D35207004BE320 /* brain_Dump.xcdatamodeld */,
				5EF4877422D3520C004BE320 /* Info.plist */,
			);
			path = "brain Dump";
			sourceTree = "<group>";
		};
		5EF72578244EB3BE0050365C /* services */ = {
			isa = PBXGroup;
			children = (
				5EF4877B22D3800F004BE320 /* Note+CoreDataProperties.swift */,
				5EF4877A22D3800F004BE320 /* Note+CoreDataClass.swift */,
				5EFFABE72302C94B00F4DEAB /* Category+CoreDataProperties.swift */,
				5EFFABE62302C94B00F4DEAB /* Category+CoreDataClass.swift */,
			);
			path = services;
			sourceTree = "<group>";
		};
		5EF72579244EB3CC0050365C /* controller */ = {
			isa = PBXGroup;
			children = (
				5EF4876522D35207004BE320 /* AppDelegate.swift */,
				5EF4876722D35207004BE320 /* ViewController.swift */,
				5EF33F5522E9BC94005DC9D7 /* noteEditorVC.swift */,
				5EFE665422F431FF00F85B46 /* NoteCell.swift */,
			);
			path = controller;
			sourceTree = "<group>";
		};
		5EF7257A244EB3D70050365C /* view */ = {
			isa = PBXGroup;
			children = (
				5EF4876922D35207004BE320 /* Main.storyboard */,
				5EF4876F22D3520C004BE320 /* Assets.xcassets */,
				5EF4877122D3520C004BE320 /* LaunchScreen.storyboard */,
			);
			path = view;
			sourceTree = "<group>";
		};
		5EF7257B244EB3E30050365C /* model */ = {
			isa = PBXGroup;
			children = (
			);
			path = model;
			sourceTree = "<group>";
		};
/* End PBXGroup section */

/* Begin PBXNativeTarget section */
		5EF4876122D35207004BE320 /* brain Dump */ = {
			isa = PBXNativeTarget;
			buildConfigurationList = 5EF4877722D3520C004BE320 /* Build configuration list for PBXNativeTarget "brain Dump" */;
			buildPhases = (
				5EF4875E22D35207004BE320 /* Sources */,
				5EF4875F22D35207004BE320 /* Frameworks */,
				5EF4876022D35207004BE320 /* Resources */,
			);
			buildRules = (
			);
			dependencies = (
			);
			name = "brain Dump";
			productName = "brain Dump";
			productReference = 5EF4876222D35207004BE320 /* brain Dump.app */;
			productType = "com.apple.product-type.application";
		};
/* End PBXNativeTarget section */

/* Begin PBXProject section */
		5EF4875A22D35207004BE320 /* Project object */ = {
			isa = PBXProject;
			attributes = {
				LastSwiftUpdateCheck = 1020;
				LastUpgradeCheck = 1020;
				ORGANIZATIONNAME = "natarajan k";
				TargetAttributes = {
					5EF4876122D35207004BE320 = {
						CreatedOnToolsVersion = 10.2;
					};
				};
			};
			buildConfigurationList = 5EF4875D22D35207004BE320 /* Build configuration list for PBXProject "brain Dump" */;
			compatibilityVersion = "Xcode 9.3";
			developmentRegion = en;
			hasScannedForEncodings = 0;
			knownRegions = (
				en,
				Base,
			);
			mainGroup = 5EF4875922D35207004BE320;
			productRefGroup = 5EF4876322D35207004BE320 /* Products */;
			projectDirPath = "";
			projectRoot = "";
			targets = (
				5EF4876122D35207004BE320 /* brain Dump */,
			);
		};
/* End PBXProject section */

/* Begin PBXResourcesBuildPhase section */
		5EF4876022D35207004BE320 /* Resources */ = {
			isa = PBXResourcesBuildPhase;
			buildActionMask = 2147483647;
			files = (
				5EF4877322D3520C004BE320 /* LaunchScreen.storyboard in Resources */,
				5EF4877022D3520C004BE320 /* Assets.xcassets in Resources */,
				5EF4876B22D35207004BE320 /* Main.storyboard in Resources */,
			);
			runOnlyForDeploymentPostprocessing = 0;
		};
/* End PBXResourcesBuildPhase section */

/* Begin PBXSourcesBuildPhase section */
		5EF4875E22D35207004BE320 /* Sources */ = {
			isa = PBXSourcesBuildPhase;
			buildActionMask = 2147483647;
			files = (
				5EF4876822D35207004BE320 /* ViewController.swift in Sources */,
				5EFFABE92302C94B00F4DEAB /* Category+CoreDataProperties.swift in Sources */,
				5EFFABE82302C94B00F4DEAB /* Category+CoreDataClass.swift in Sources */,
				5EF33F5622E9BC94005DC9D7 /* noteEditorVC.swift in Sources */,
				5EF4877C22D3800F004BE320 /* Note+CoreDataClass.swift in Sources */,
				5EF4876622D35207004BE320 /* AppDelegate.swift in Sources */,
				5EF4876E22D35207004BE320 /* brain_Dump.xcdatamodeld in Sources */,
				5EFE665522F431FF00F85B46 /* NoteCell.swift in Sources */,
				5EF4877D22D3800F004BE320 /* Note+CoreDataProperties.swift in Sources */,
			);
			runOnlyForDeploymentPostprocessing = 0;
		};
/* End PBXSourcesBuildPhase section */

/* Begin PBXVariantGroup section */
		5EF4876922D35207004BE320 /* Main.storyboard */ = {
			isa = PBXVariantGroup;
			children = (
				5EF4876A22D35207004BE320 /* Base */,
			);
			name = Main.storyboard;
			sourceTree = "<group>";
		};
		5EF4877122D3520C004BE320 /* LaunchScreen.storyboard */ = {
			isa = PBXVariantGroup;
			children = (
				5EF4877222D3520C004BE320 /* Base */,
			);
			name = LaunchScreen.storyboard;
			sourceTree = "<group>";
		};
/* End PBXVariantGroup section */

/* Begin XCBuildConfiguration section */
		5EF4877522D3520C004BE320 /* Debug */ = {
			isa = XCBuildConfiguration;
			buildSettings = {
				ALWAYS_SEARCH_USER_PATHS = NO;
				CLANG_ANALYZER_NONNULL = YES;
				CLANG_ANALYZER_NUMBER_OBJECT_CONVERSION = YES_AGGRESSIVE;
				CLANG_CXX_LANGUAGE_STANDARD = "gnu++14";
				CLANG_CXX_LIBRARY = "libc++";
				CLANG_ENABLE_MODULES = YES;
				CLANG_ENABLE_OBJC_ARC = YES;
				CLANG_ENABLE_OBJC_WEAK = YES;
				CLANG_WARN_BLOCK_CAPTURE_AUTORELEASING = YES;
				CLANG_WARN_BOOL_CONVERSION = YES;
				CLANG_WARN_COMMA = YES;
				CLANG_WARN_CONSTANT_CONVERSION = YES;
				CLANG_WARN_DEPRECATED_OBJC_IMPLEMENTATIONS = YES;
				CLANG_WARN_DIRECT_OBJC_ISA_USAGE = YES_ERROR;
				CLANG_WARN_DOCUMENTATION_COMMENTS = YES;
				CLANG_WARN_EMPTY_BODY = YES;
				CLANG_WARN_ENUM_CONVERSION = YES;
				CLANG_WARN_INFINITE_RECURSION = YES;
				CLANG_WARN_INT_CONVERSION = YES;
				CLANG_WARN_NON_LITERAL_NULL_CONVERSION = YES;
				CLANG_WARN_OBJC_IMPLICIT_RETAIN_SELF = YES;
				CLANG_WARN_OBJC_LITERAL_CONVERSION = YES;
				CLANG_WARN_OBJC_ROOT_CLASS = YES_ERROR;
				CLANG_WARN_RANGE_LOOP_ANALYSIS = YES;
				CLANG_WARN_STRICT_PROTOTYPES = YES;
				CLANG_WARN_SUSPICIOUS_MOVE = YES;
				CLANG_WARN_UNGUARDED_AVAILABILITY = YES_AGGRESSIVE;
				CLANG_WARN_UNREACHABLE_CODE = YES;
				CLANG_WARN__DUPLICATE_METHOD_MATCH = YES;
				CODE_SIGN_IDENTITY = "iPhone Developer";
				COPY_PHASE_STRIP = NO;
				DEBUG_INFORMATION_FORMAT = dwarf;
				ENABLE_STRICT_OBJC_MSGSEND = YES;
				ENABLE_TESTABILITY = YES;
				GCC_C_LANGUAGE_STANDARD = gnu11;
				GCC_DYNAMIC_NO_PIC = NO;
				GCC_NO_COMMON_BLOCKS = YES;
				GCC_OPTIMIZATION_LEVEL = 0;
				GCC_PREPROCESSOR_DEFINITIONS = (
					"DEBUG=1",
					"$(inherited)",
				);
				GCC_WARN_64_TO_32_BIT_CONVERSION = YES;
				GCC_WARN_ABOUT_RETURN_TYPE = YES_ERROR;
				GCC_WARN_UNDECLARED_SELECTOR = YES;
				GCC_WARN_UNINITIALIZED_AUTOS = YES_AGGRESSIVE;
				GCC_WARN_UNUSED_FUNCTION = YES;
				GCC_WARN_UNUSED_VARIABLE = YES;
				IPHONEOS_DEPLOYMENT_TARGET = 12.2;
				MTL_ENABLE_DEBUG_INFO = INCLUDE_SOURCE;
				MTL_FAST_MATH = YES;
				ONLY_ACTIVE_ARCH = YES;
				SDKROOT = iphoneos;
				SWIFT_ACTIVE_COMPILATION_CONDITIONS = DEBUG;
				SWIFT_OPTIMIZATION_LEVEL = "-Onone";
			};
			name = Debug;
		};
		5EF4877622D3520C004BE320 /* Release */ = {
			isa = XCBuildConfiguration;
			buildSettings = {
				ALWAYS_SEARCH_USER_PATHS = NO;
				CLANG_ANALYZER_NONNULL = YES;
				CLANG_ANALYZER_NUMBER_OBJECT_CONVERSION = YES_AGGRESSIVE;
				CLANG_CXX_LANGUAGE_STANDARD = "gnu++14";
				CLANG_CXX_LIBRARY = "libc++";
				CLANG_ENABLE_MODULES = YES;
				CLANG_ENABLE_OBJC_ARC = YES;
				CLANG_ENABLE_OBJC_WEAK = YES;
				CLANG_WARN_BLOCK_CAPTURE_AUTORELEASING = YES;
				CLANG_WARN_BOOL_CONVERSION = YES;
				CLANG_WARN_COMMA = YES;
				CLANG_WARN_CONSTANT_CONVERSION = YES;
				CLANG_WARN_DEPRECATED_OBJC_IMPLEMENTATIONS = YES;
				CLANG_WARN_DIRECT_OBJC_ISA_USAGE = YES_ERROR;
				CLANG_WARN_DOCUMENTATION_COMMENTS = YES;
				CLANG_WARN_EMPTY_BODY = YES;
				CLANG_WARN_ENUM_CONVERSION = YES;
				CLANG_WARN_INFINITE_RECURSION = YES;
				CLANG_WARN_INT_CONVERSION = YES;
				CLANG_WARN_NON_LITERAL_NULL_CONVERSION = YES;
				CLANG_WARN_OBJC_IMPLICIT_RETAIN_SELF = YES;
				CLANG_WARN_OBJC_LITERAL_CONVERSION = YES;
				CLANG_WARN_OBJC_ROOT_CLASS = YES_ERROR;
				CLANG_WARN_RANGE_LOOP_ANALYSIS = YES;
				CLANG_WARN_STRICT_PROTOTYPES = YES;
				CLANG_WARN_SUSPICIOUS_MOVE = YES;
				CLANG_WARN_UNGUARDED_AVAILABILITY = YES_AGGRESSIVE;
				CLANG_WARN_UNREACHABLE_CODE = YES;
				CLANG_WARN__DUPLICATE_METHOD_MATCH = YES;
				CODE_SIGN_IDENTITY = "iPhone Developer";
				COPY_PHASE_STRIP = NO;
				DEBUG_INFORMATION_FORMAT = "dwarf-with-dsym";
				ENABLE_NS_ASSERTIONS = NO;
				ENABLE_STRICT_OBJC_MSGSEND = YES;
				GCC_C_LANGUAGE_STANDARD = gnu11;
				GCC_NO_COMMON_BLOCKS = YES;
				GCC_WARN_64_TO_32_BIT_CONVERSION = YES;
				GCC_WARN_ABOUT_RETURN_TYPE = YES_ERROR;
				GCC_WARN_UNDECLARED_SELECTOR = YES;
				GCC_WARN_UNINITIALIZED_AUTOS = YES_AGGRESSIVE;
				GCC_WARN_UNUSED_FUNCTION = YES;
				GCC_WARN_UNUSED_VARIABLE = YES;
				IPHONEOS_DEPLOYMENT_TARGET = 12.2;
				MTL_ENABLE_DEBUG_INFO = NO;
				MTL_FAST_MATH = YES;
				SDKROOT = iphoneos;
				SWIFT_COMPILATION_MODE = wholemodule;
				SWIFT_OPTIMIZATION_LEVEL = "-O";
				VALIDATE_PRODUCT = YES;
			};
			name = Release;
		};
		5EF4877822D3520C004BE320 /* Debug */ = {
			isa = XCBuildConfiguration;
			buildSettings = {
				ASSETCATALOG_COMPILER_APPICON_NAME = AppIcon;
				CODE_SIGN_STYLE = Automatic;
				DEVELOPMENT_TEAM = G37P3MZ844;
				INFOPLIST_FILE = "brain Dump/Info.plist";
				LD_RUNPATH_SEARCH_PATHS = (
					"$(inherited)",
					"@executable_path/Frameworks",
				);
				PRODUCT_BUNDLE_IDENTIFIER = "com.butterfly.brain-Dump";
				PRODUCT_NAME = "$(TARGET_NAME)";
				SWIFT_VERSION = 5.0;
				TARGETED_DEVICE_FAMILY = "1,2";
			};
			name = Debug;
		};
		5EF4877922D3520C004BE320 /* Release */ = {
			isa = XCBuildConfiguration;
			buildSettings = {
				ASSETCATALOG_COMPILER_APPICON_NAME = AppIcon;
				CODE_SIGN_STYLE = Automatic;
				DEVELOPMENT_TEAM = G37P3MZ844;
				INFOPLIST_FILE = "brain Dump/Info.plist";
				LD_RUNPATH_SEARCH_PATHS = (
					"$(inherited)",
					"@executable_path/Frameworks",
				);
				PRODUCT_BUNDLE_IDENTIFIER = "com.butterfly.brain-Dump";
				PRODUCT_NAME = "$(TARGET_NAME)";
				SWIFT_VERSION = 5.0;
				TARGETED_DEVICE_FAMILY = "1,2";
			};
			name = Release;
		};
/* End XCBuildConfiguration section */

/* Begin XCConfigurationList section */
		5EF4875D22D35207004BE320 /* Build configuration list for PBXProject "brain Dump" */ = {
			isa = XCConfigurationList;
			buildConfigurations = (
				5EF4877522D3520C004BE320 /* Debug */,
				5EF4877622D3520C004BE320 /* Release */,
			);
			defaultConfigurationIsVisible = 0;
			defaultConfigurationName = Release;
		};
		5EF4877722D3520C004BE320 /* Build configuration list for PBXNativeTarget "brain Dump" */ = {
			isa = XCConfigurationList;
			buildConfigurations = (
				5EF4877822D3520C004BE320 /* Debug */,
				5EF4877922D3520C004BE320 /* Release */,
			);
			defaultConfigurationIsVisible = 0;
			defaultConfigurationName = Release;
		};
/* End XCConfigurationList section */

/* Begin XCVersionGroup section */
		5EF4876C22D35207004BE320 /* brain_Dump.xcdatamodeld */ = {
			isa = XCVersionGroup;
			children = (
				5E092BF024A5B54F00BDF490 /* brain_Dump v 3.xcdatamodel */,
				5EFFABE52302C81300F4DEAB /* brain_Dump v2.xcdatamodel */,
				5EF4876D22D35207004BE320 /* brain_Dump.xcdatamodel */,
			);
			currentVersion = 5EFFABE52302C81300F4DEAB /* brain_Dump v2.xcdatamodel */;
			path = brain_Dump.xcdatamodeld;
			sourceTree = "<group>";
			versionGroupType = wrapper.xcdatamodel;
		};
/* End XCVersionGroup section */
	};
	rootObject = 5EF4875A22D35207004BE320 /* Project object */;
}
